// !$*UTF8*$!
{ archiveVersion = 1; classes = {}; objectVersion = 56; objects = {
		96AC650438114A36DD265A83 = { isa = PBXFileReference; lastKnownFileType = sourcecode.swift; path = "Document.swift"; sourceTree = "<group>"; };
		F9489FC6D9684450BC53A7B5 = { isa = PBXBuildFile; fileRef = 96AC650438114A36DD265A83; };
		F697CD6B048455BA0C081F0D = { isa = PBXFileReference; lastKnownFileType = sourcecode.swift; path = "LibraryStore.swift"; sourceTree = "<group>"; };
		A7E454396006097997393385 = { isa = PBXBuildFile; fileRef = F697CD6B048455BA0C081F0D; };
		F3798F81C7B6FECAD2CBFEC7 = { isa = PBXGroup; children = (96AC650438114A36DD265A83,F697CD6B048455BA0C081F0D); sourceTree = "<group>"; path = "Models"; };
		9727B9EED8ACD2EE46E136A0 = { isa = PBXFileReference; lastKnownFileType = sourcecode.swift; path = "ContentView.swift"; sourceTree = "<group>"; };
		F7D62745C80E00A1CEF8A549 = { isa = PBXBuildFile; fileRef = 9727B9EED8ACD2EE46E136A0; };
		715AE25114094100E9EA67EF = { isa = PBXFileReference; lastKnownFileType = sourcecode.swift; path = "EditorView.swift"; sourceTree = "<group>"; };
		4131E2EE5A0536D2CEBA9F58 = { isa = PBXBuildFile; fileRef = 715AE25114094100E9EA67EF; };
		50E6094F5D1E99162C678C2E = { isa = PBXFileReference; lastKnownFileType = sourcecode.swift; path = "MarkdownPreview.swift"; sourceTree = "<group>"; };
		7AF91879EC20F4CBD1CAF69E = { isa = PBXBuildFile; fileRef = 50E6094F5D1E99162C678C2E; };
		ECFCF71E80689E22E16857F9 = { isa = PBXFileReference; lastKnownFileType = sourcecode.swift; path = "NativeWritingEditor.swift"; sourceTree = "<group>"; };
		7B2C6F036FCEEDCC6ED23F71 = { isa = PBXBuildFile; fileRef = ECFCF71E80689E22E16857F9; };
		09F61F0FC73D14B7A5181A70 = { isa = PBXFileReference; lastKnownFileType = sourcecode.swift; path = "Theme.swift"; sourceTree = "<group>"; };
		7B17418CE44AA664E0B06F21 = { isa = PBXBuildFile; fileRef = 09F61F0FC73D14B7A5181A70; };
		D54912E3423CD4213D1B26FC = { isa = PBXFileReference; lastKnownFileType = sourcecode.swift; path = "WritingSettings.swift"; sourceTree = "<group>"; };
		3FB4F87ADEB0B220B9969505 = { isa = PBXBuildFile; fileRef = D54912E3423CD4213D1B26FC; };
		24BE61285E096FA817D4CDB0 = { isa = PBXGroup; children = (9727B9EED8ACD2EE46E136A0,715AE25114094100E9EA67EF,50E6094F5D1E99162C678C2E,ECFCF71E80689E22E16857F9,09F61F0FC73D14B7A5181A70,D54912E3423CD4213D1B26FC); sourceTree = "<group>"; path = "Views"; };
		568CD7048B372D3A75B7A6D5 = { isa = PBXFileReference; lastKnownFileType = sourcecode.swift; path = "JianzuoApp.swift"; sourceTree = "<group>"; };
		BDCF3BADBC6155A7499D6A8B = { isa = PBXBuildFile; fileRef = 568CD7048B372D3A75B7A6D5; };
		28AAD1477D5182D66D4B03B3 = { isa = PBXFileReference; lastKnownFileType = folder.assetcatalog; path = "Assets.xcassets"; sourceTree = "<group>"; };
		FB90684E69A6C96ED866993E = { isa = PBXBuildFile; fileRef = 28AAD1477D5182D66D4B03B3; };
		87DF60DE337FB58864343E39 = { isa = PBXGroup; children = (28AAD1477D5182D66D4B03B3); sourceTree = "<group>"; path = "Resources"; };
		3A2A88DEEFF3D1D23E496597 = { isa = PBXGroup; children = (568CD7048B372D3A75B7A6D5,F3798F81C7B6FECAD2CBFEC7,24BE61285E096FA817D4CDB0,87DF60DE337FB58864343E39); sourceTree = "<group>"; path = "Jianzuo"; };
		4697F9AF4DB2C373B5529960 = { isa = PBXFileReference; lastKnownFileType = sourcecode.swift; path = "LibraryTests.swift"; sourceTree = "<group>"; };
		8B7A6DECC0651D269EA794C7 = { isa = PBXGroup; children = (4697F9AF4DB2C373B5529960); sourceTree = "<group>"; path = "JianzuoTests"; };
		4E783A9E10D2A8ABA38CD11C = { isa = PBXFileReference; explicitFileType = wrapper.application; path = Jianzuo.app; sourceTree = BUILT_PRODUCTS_DIR; };
		6C7CCDEB3609F1FAA874E941 = { isa = PBXFileReference; explicitFileType = wrapper.cfbundle; path = JianzuoTests.xctest; sourceTree = BUILT_PRODUCTS_DIR; };
		FBDC4F23F93125BBEEAE800C = { isa = PBXGroup; children = (4E783A9E10D2A8ABA38CD11C,6C7CCDEB3609F1FAA874E941); sourceTree = "<group>";  };
		DC76E9F0C0006E8F919E0C51 = { isa = PBXGroup; children = (3A2A88DEEFF3D1D23E496597,8B7A6DECC0651D269EA794C7,FBDC4F23F93125BBEEAE800C); sourceTree = "<group>";  };
		BCE16DD0260827ECF338C787 = { isa = PBXSourcesBuildPhase; buildActionMask = 2147483647; files = (F9489FC6D9684450BC53A7B5,A7E454396006097997393385,F7D62745C80E00A1CEF8A549,4131E2EE5A0536D2CEBA9F58,7AF91879EC20F4CBD1CAF69E,7B2C6F036FCEEDCC6ED23F71,7B17418CE44AA664E0B06F21,3FB4F87ADEB0B220B9969505,BDCF3BADBC6155A7499D6A8B); runOnlyForDeploymentPostprocessing = 0; };
		7561BFB015D8F536760CB671 = { isa = PBXFrameworksBuildPhase; buildActionMask = 2147483647; files = (); runOnlyForDeploymentPostprocessing = 0; };
		0189424A5A60FED329FA868E = { isa = PBXResourcesBuildPhase; buildActionMask = 2147483647; files = (FB90684E69A6C96ED866993E); runOnlyForDeploymentPostprocessing = 0; };
		6F65BC2FE9EEDA82F0D00253 = { isa = PBXBuildFile; fileRef = 4697F9AF4DB2C373B5529960; };
		77A03FEE20FE96AD9384861E = { isa = PBXSourcesBuildPhase; buildActionMask = 2147483647; files = (6F65BC2FE9EEDA82F0D00253); runOnlyForDeploymentPostprocessing = 0; };
		E05DB79C430AA1B0BA487AFC = { isa = PBXFrameworksBuildPhase; buildActionMask = 2147483647; files = (); runOnlyForDeploymentPostprocessing = 0; };
		AB52CB08E0FDF02BF6C67C33 = { isa = XCBuildConfiguration; buildSettings = { "CLANG_ENABLE_MODULES" = "YES"; "CLANG_ENABLE_OBJC_ARC" = "YES"; "GCC_C_LANGUAGE_STANDARD" = "gnu17"; "SWIFT_VERSION" = "5.0"; "MACOSX_DEPLOYMENT_TARGET" = "14.0"; "IPHONEOS_DEPLOYMENT_TARGET" = "17.0"; "SDKROOT" = "auto"; "SUPPORTED_PLATFORMS" = "macosx iphoneos iphonesimulator"; "CODE_SIGN_STYLE" = "Automatic"; "ENABLE_USER_SCRIPT_SANDBOXING" = "YES"; "SWIFT_OPTIMIZATION_LEVEL" = "-Onone"; "DEBUG_INFORMATION_FORMAT" = "dwarf"; "ENABLE_TESTABILITY" = "YES"; "SWIFT_ACTIVE_COMPILATION_CONDITIONS" = "DEBUG $(inherited)"; "ONLY_ACTIVE_ARCH" = "YES"; }; name = Debug; };
		5283471FF90C511CFE244FFF = { isa = XCBuildConfiguration; buildSettings = { "CLANG_ENABLE_MODULES" = "YES"; "CLANG_ENABLE_OBJC_ARC" = "YES"; "GCC_C_LANGUAGE_STANDARD" = "gnu17"; "SWIFT_VERSION" = "5.0"; "MACOSX_DEPLOYMENT_TARGET" = "14.0"; "IPHONEOS_DEPLOYMENT_TARGET" = "17.0"; "SDKROOT" = "auto"; "SUPPORTED_PLATFORMS" = "macosx iphoneos iphonesimulator"; "CODE_SIGN_STYLE" = "Automatic"; "ENABLE_USER_SCRIPT_SANDBOXING" = "YES"; "SWIFT_OPTIMIZATION_LEVEL" = "-O"; "DEBUG_INFORMATION_FORMAT" = "dwarf-with-dsym"; }; name = Release; };
		640DC9EFD529235A8D9E2727 = { isa = XCConfigurationList; buildConfigurations = (AB52CB08E0FDF02BF6C67C33,5283471FF90C511CFE244FFF); defaultConfigurationIsVisible = 0; defaultConfigurationName = Release; };
		EF00B4C26D3BA245CBAB3F00 = { isa = XCBuildConfiguration; buildSettings = { "PRODUCT_NAME" = "$(TARGET_NAME)"; "PRODUCT_BUNDLE_IDENTIFIER" = "com.jianzuo.writing"; "GENERATE_INFOPLIST_FILE" = "YES"; "INFOPLIST_KEY_CFBundleDisplayName" = "简作"; "INFOPLIST_KEY_LSApplicationCategoryType" = "public.app-category.productivity"; "INFOPLIST_KEY_UIApplicationSceneManifest_Generation" = "YES"; "INFOPLIST_KEY_UILaunchScreen_Generation" = "YES"; "INFOPLIST_KEY_UISupportedInterfaceOrientations_iPhone" = "UIInterfaceOrientationPortrait UIInterfaceOrientationLandscapeLeft UIInterfaceOrientationLandscapeRight"; "INFOPLIST_KEY_UISupportedInterfaceOrientations_iPad" = "UIInterfaceOrientationPortrait UIInterfaceOrientationPortraitUpsideDown UIInterfaceOrientationLandscapeLeft UIInterfaceOrientationLandscapeRight"; "ASSETCATALOG_COMPILER_APPICON_NAME" = "AppIcon"; "ASSETCATALOG_COMPILER_GLOBAL_ACCENT_COLOR_NAME" = "AccentColor"; "TARGETED_DEVICE_FAMILY" = "1,2"; "MARKETING_VERSION" = "1.0"; "CURRENT_PROJECT_VERSION" = "1"; "ENABLE_APP_SANDBOX" = "YES"; "ENABLE_USER_SELECTED_FILES" = "readwrite"; "SWIFT_EMIT_LOC_STRINGS" = "YES"; "LD_RUNPATH_SEARCH_PATHS" = "$(inherited) @executable_path/Frameworks @executable_path/../Frameworks"; "SWIFT_OPTIMIZATION_LEVEL" = "-Onone"; "DEBUG_INFORMATION_FORMAT" = "dwarf"; "ENABLE_TESTABILITY" = "YES"; "SWIFT_ACTIVE_COMPILATION_CONDITIONS" = "DEBUG $(inherited)"; "ONLY_ACTIVE_ARCH" = "YES"; }; name = Debug; };
		49B4940C5F901788C278DD41 = { isa = XCBuildConfiguration; buildSettings = { "PRODUCT_NAME" = "$(TARGET_NAME)"; "PRODUCT_BUNDLE_IDENTIFIER" = "com.jianzuo.writing"; "GENERATE_INFOPLIST_FILE" = "YES"; "INFOPLIST_KEY_CFBundleDisplayName" = "简作"; "INFOPLIST_KEY_LSApplicationCategoryType" = "public.app-category.productivity"; "INFOPLIST_KEY_UIApplicationSceneManifest_Generation" = "YES"; "INFOPLIST_KEY_UILaunchScreen_Generation" = "YES"; "INFOPLIST_KEY_UISupportedInterfaceOrientations_iPhone" = "UIInterfaceOrientationPortrait UIInterfaceOrientationLandscapeLeft UIInterfaceOrientationLandscapeRight"; "INFOPLIST_KEY_UISupportedInterfaceOrientations_iPad" = "UIInterfaceOrientationPortrait UIInterfaceOrientationPortraitUpsideDown UIInterfaceOrientationLandscapeLeft UIInterfaceOrientationLandscapeRight"; "ASSETCATALOG_COMPILER_APPICON_NAME" = "AppIcon"; "ASSETCATALOG_COMPILER_GLOBAL_ACCENT_COLOR_NAME" = "AccentColor"; "TARGETED_DEVICE_FAMILY" = "1,2"; "MARKETING_VERSION" = "1.0"; "CURRENT_PROJECT_VERSION" = "1"; "ENABLE_APP_SANDBOX" = "YES"; "ENABLE_USER_SELECTED_FILES" = "readwrite"; "SWIFT_EMIT_LOC_STRINGS" = "YES"; "LD_RUNPATH_SEARCH_PATHS" = "$(inherited) @executable_path/Frameworks @executable_path/../Frameworks"; "SWIFT_OPTIMIZATION_LEVEL" = "-O"; "DEBUG_INFORMATION_FORMAT" = "dwarf-with-dsym"; }; name = Release; };
		4867F1BF372A84237FA0A5A7 = { isa = XCConfigurationList; buildConfigurations = (EF00B4C26D3BA245CBAB3F00,49B4940C5F901788C278DD41); defaultConfigurationIsVisible = 0; defaultConfigurationName = Release; };
		BA1313667AFF67C3D4D3D6F1 = { isa = XCBuildConfiguration; buildSettings = { "PRODUCT_NAME" = "$(TARGET_NAME)"; "PRODUCT_BUNDLE_IDENTIFIER" = "com.jianzuo.writing.tests"; "GENERATE_INFOPLIST_FILE" = "YES"; "TARGETED_DEVICE_FAMILY" = "1,2"; "BUNDLE_LOADER" = "$(TEST_HOST)"; "TEST_HOST" = "$(BUILT_PRODUCTS_DIR)/Jianzuo.app/Jianzuo"; "TEST_HOST[sdk=macosx*]" = "$(BUILT_PRODUCTS_DIR)/Jianzuo.app/Contents/MacOS/Jianzuo"; "LD_RUNPATH_SEARCH_PATHS" = "$(inherited) @executable_path/Frameworks @loader_path/Frameworks"; "SWIFT_OPTIMIZATION_LEVEL" = "-Onone"; "DEBUG_INFORMATION_FORMAT" = "dwarf"; "ENABLE_TESTABILITY" = "YES"; "SWIFT_ACTIVE_COMPILATION_CONDITIONS" = "DEBUG $(inherited)"; "ONLY_ACTIVE_ARCH" = "YES"; }; name = Debug; };
		DA3246F3964ABD33305FD4C3 = { isa = XCBuildConfiguration; buildSettings = { "PRODUCT_NAME" = "$(TARGET_NAME)"; "PRODUCT_BUNDLE_IDENTIFIER" = "com.jianzuo.writing.tests"; "GENERATE_INFOPLIST_FILE" = "YES"; "TARGETED_DEVICE_FAMILY" = "1,2"; "BUNDLE_LOADER" = "$(TEST_HOST)"; "TEST_HOST" = "$(BUILT_PRODUCTS_DIR)/Jianzuo.app/Jianzuo"; "TEST_HOST[sdk=macosx*]" = "$(BUILT_PRODUCTS_DIR)/Jianzuo.app/Contents/MacOS/Jianzuo"; "LD_RUNPATH_SEARCH_PATHS" = "$(inherited) @executable_path/Frameworks @loader_path/Frameworks"; "SWIFT_OPTIMIZATION_LEVEL" = "-O"; "DEBUG_INFORMATION_FORMAT" = "dwarf-with-dsym"; }; name = Release; };
		19170B56EA5642A46C383F29 = { isa = XCConfigurationList; buildConfigurations = (BA1313667AFF67C3D4D3D6F1,DA3246F3964ABD33305FD4C3); defaultConfigurationIsVisible = 0; defaultConfigurationName = Release; };
		F75109BEB4DD8800DA6B45F8 = { isa = PBXNativeTarget; buildConfigurationList = 4867F1BF372A84237FA0A5A7; buildPhases = (BCE16DD0260827ECF338C787,7561BFB015D8F536760CB671,0189424A5A60FED329FA868E); buildRules = (); dependencies = (); name = Jianzuo; productName = Jianzuo; productReference = 4E783A9E10D2A8ABA38CD11C; productType = "com.apple.product-type.application"; };
		7E85D4A68785761E1DBB22D8 = { isa = PBXContainerItemProxy; containerPortal = 98F54143AB4E86B28C3AFEE0; proxyType = 1; remoteGlobalIDString = F75109BEB4DD8800DA6B45F8; remoteInfo = Jianzuo; };
		BAE932EF166B50AB877FDC6F = { isa = PBXTargetDependency; target = F75109BEB4DD8800DA6B45F8; targetProxy = 7E85D4A68785761E1DBB22D8; };
		C062A5A4A7F4F37DD90F54CB = { isa = PBXNativeTarget; buildConfigurationList = 19170B56EA5642A46C383F29; buildPhases = (77A03FEE20FE96AD9384861E,E05DB79C430AA1B0BA487AFC); buildRules = (); dependencies = (BAE932EF166B50AB877FDC6F); name = JianzuoTests; productName = JianzuoTests; productReference = 6C7CCDEB3609F1FAA874E941; productType = "com.apple.product-type.bundle.unit-test"; };
		98F54143AB4E86B28C3AFEE0 = { isa = PBXProject; attributes = { BuildIndependentTargetsInParallel = YES; LastUpgradeCheck = 1600; TargetAttributes = { F75109BEB4DD8800DA6B45F8 = {CreatedOnToolsVersion = 16.0;}; C062A5A4A7F4F37DD90F54CB = {CreatedOnToolsVersion = 16.0; TestTargetID = F75109BEB4DD8800DA6B45F8;}; }; }; buildConfigurationList = 640DC9EFD529235A8D9E2727; compatibilityVersion = "Xcode 14.0"; developmentRegion = zh-Hans; hasScannedForEncodings = 0; knownRegions = (en, Base, zh-Hans); mainGroup = DC76E9F0C0006E8F919E0C51; productRefGroup = FBDC4F23F93125BBEEAE800C; projectDirPath = ""; projectRoot = ""; targets = (F75109BEB4DD8800DA6B45F8,C062A5A4A7F4F37DD90F54CB); };
}; rootObject = 98F54143AB4E86B28C3AFEE0; }
